
Microsoft Visual Studio Solution File, Format Version 12.00
# Visual Studio Version 17
VisualStudioVersion = 17.3.32825.248
MinimumVisualStudioVersion = 10.0.40219.1
Project("{9A19103F-16F7-4668-BE54-9A1E7A4F7556}") = "Console", "Console\AeriesConsole.csproj", "{BDF990F5-D902-4690-A6C8-AAC6E1F0E62B}"
EndProject
Project("{9A19103F-16F7-4668-BE54-9A1E7A4F7556}") = "AeriesGUI", "GUI\AeriesGUI.csproj", "{877D92D0-2E87-44AA-A737-A4BB6023F506}"
EndProject
Global
	GlobalSection(SolutionConfigurationPlatforms) = preSolution
		Debug|Any CPU = Debug|Any CPU
		Release|Any CPU = Release|Any CPU
	EndGlobalSection
	GlobalSection(ProjectConfigurationPlatforms) = postSolution
		{BDF990F5-D902-4690-A6C8-AAC6E1F0E62B}.Debug|Any CPU.ActiveCfg = Debug|Any CPU
		{BDF990F5-D902-4690-A6C8-AAC6E1F0E62B}.Debug|Any CPU.Build.0 = Debug|Any CPU
		{BDF990F5-D902-4690-A6C8-AAC6E1F0E62B}.Release|Any CPU.ActiveCfg = Release|Any CPU
		{BDF990F5-D902-4690-A6C8-AAC6E1F0E62B}.Release|Any CPU.Build.0 = Release|Any CPU
		{877D92D0-2E87-44AA-A737-A4BB6023F506}.Debug|Any CPU.ActiveCfg = Debug|Any CPU
		{877D92D0-2E87-44AA-A737-A4BB6023F506}.Debug|Any CPU.Build.0 = Debug|Any CPU
		{877D92D0-2E87-44AA-A737-A4BB6023F506}.Release|Any CPU.ActiveCfg = Release|Any CPU
		{877D92D0-2E87-44AA-A737-A4BB6023F506}.Release|Any CPU.Build.0 = Release|Any CPU
	EndGlobalSection
	GlobalSection(SolutionProperties) = preSolution
		HideSolutionNode = FALSE
	EndGlobalSection
	GlobalSection(ExtensibilityGlobals) = postSolution
		SolutionGuid = {F2205525-E430-477F-AA83-056CA938E0C0}
	EndGlobalSection
EndGlobal
